
Microsoft Visual Studio Solution File, Format Version 12.00
# Visual Studio Version 17
VisualStudioVersion = 17.13.35931.197 d17.13
MinimumVisualStudioVersion = 10.0.40219.1
Project("{FAE04EC0-301F-11D3-BF4B-00C04F79EFBC}") = "grigorova_server", "grigorova_server.csproj", "{AB365D2D-E3B4-493A-8AA0-1C749C8308D3}"
EndProject
Global
	GlobalSection(SolutionConfigurationPlatforms) = preSolution
		Debug|Any CPU = Debug|Any CPU
		Release|Any CPU = Release|Any CPU
	EndGlobalSection
	GlobalSection(ProjectConfigurationPlatforms) = postSolution
		{AB365D2D-E3B4-493A-8AA0-1C749C8308D3}.Debug|Any CPU.ActiveCfg = Debug|Any CPU
		{AB365D2D-E3B4-493A-8AA0-1C749C8308D3}.Debug|Any CPU.Build.0 = Debug|Any CPU
		{AB365D2D-E3B4-493A-8AA0-1C749C8308D3}.Release|Any CPU.ActiveCfg = Release|Any CPU
		{AB365D2D-E3B4-493A-8AA0-1C749C8308D3}.Release|Any CPU.Build.0 = Release|Any CPU
	EndGlobalSection
	GlobalSection(SolutionProperties) = preSolution
		HideSolutionNode = FALSE
	EndGlobalSection
	GlobalSection(ExtensibilityGlobals) = postSolution
		SolutionGuid = {E90AAF91-A0A8-4A5A-8650-5B824A938D0B}
	EndGlobalSection
EndGlobal
