
Microsoft Visual Studio Solution File, Format Version 12.00
# Visual Studio Version 17
VisualStudioVersion = 17.13.35931.197
MinimumVisualStudioVersion = 10.0.40219.1
Project("{FAE04EC0-301F-11D3-BF4B-00C04F79EFBC}") = "Grigorova_Server", "Grigorova_Server.csproj", "{4E29CF9A-FACA-47DC-A472-38A9CCAFBAFC}"
EndProject
Global
	GlobalSection(SolutionConfigurationPlatforms) = preSolution
		Debug|Any CPU = Debug|Any CPU
		Release|Any CPU = Release|Any CPU
	EndGlobalSection
	GlobalSection(ProjectConfigurationPlatforms) = postSolution
		{4E29CF9A-FACA-47DC-A472-38A9CCAFBAFC}.Debug|Any CPU.ActiveCfg = Debug|Any CPU
		{4E29CF9A-FACA-47DC-A472-38A9CCAFBAFC}.Debug|Any CPU.Build.0 = Debug|Any CPU
		{4E29CF9A-FACA-47DC-A472-38A9CCAFBAFC}.Release|Any CPU.ActiveCfg = Release|Any CPU
		{4E29CF9A-FACA-47DC-A472-38A9CCAFBAFC}.Release|Any CPU.Build.0 = Release|Any CPU
	EndGlobalSection
	GlobalSection(SolutionProperties) = preSolution
		HideSolutionNode = FALSE
	EndGlobalSection
	GlobalSection(ExtensibilityGlobals) = postSolution
		SolutionGuid = {EB8FDA6B-882C-4A0B-81C8-ED29E95D6F54}
	EndGlobalSection
EndGlobal
